
Microsoft Visual Studio Solution File, Format Version 12.00
# Visual Studio Version 17
VisualStudioVersion = 17.12.35707.178
MinimumVisualStudioVersion = 10.0.40219.1
Project("{FAE04EC0-301F-11D3-BF4B-00C04F79EFBC}") = "LoginPortal", "LoginPortal\LoginPortal.csproj", "{7B7530E5-0998-42DB-8DF1-F8F98FEB69D1}"
EndProject
Project("{FAE04EC0-301F-11D3-BF4B-00C04F79EFBC}") = "LoginPortalApp", "LoginPortalApp\LoginPortalApp.csproj", "{BDD3A02C-9D28-4C8D-9445-10D141B1584C}"
EndProject
Project("{FAE04EC0-301F-11D3-BF4B-00C04F79EFBC}") = "LoginPortal.Tests", "LoginPortal.Tests\LoginPortal.Tests.csproj", "{81E13E11-EE87-4EF1-B292-A6A14C768AF1}"
EndProject
Global
	GlobalSection(SolutionConfigurationPlatforms) = preSolution
		Debug|Any CPU = Debug|Any CPU
		Release|Any CPU = Release|Any CPU
	EndGlobalSection
	GlobalSection(ProjectConfigurationPlatforms) = postSolution
		{7B7530E5-0998-42DB-8DF1-F8F98FEB69D1}.Debug|Any CPU.ActiveCfg = Debug|Any CPU
		{7B7530E5-0998-42DB-8DF1-F8F98FEB69D1}.Debug|Any CPU.Build.0 = Debug|Any CPU
		{7B7530E5-0998-42DB-8DF1-F8F98FEB69D1}.Release|Any CPU.ActiveCfg = Release|Any CPU
		{7B7530E5-0998-42DB-8DF1-F8F98FEB69D1}.Release|Any CPU.Build.0 = Release|Any CPU
		{BDD3A02C-9D28-4C8D-9445-10D141B1584C}.Debug|Any CPU.ActiveCfg = Debug|Any CPU
		{BDD3A02C-9D28-4C8D-9445-10D141B1584C}.Debug|Any CPU.Build.0 = Debug|Any CPU
		{BDD3A02C-9D28-4C8D-9445-10D141B1584C}.Release|Any CPU.ActiveCfg = Release|Any CPU
		{BDD3A02C-9D28-4C8D-9445-10D141B1584C}.Release|Any CPU.Build.0 = Release|Any CPU
		{81E13E11-EE87-4EF1-B292-A6A14C768AF1}.Debug|Any CPU.ActiveCfg = Debug|Any CPU
		{81E13E11-EE87-4EF1-B292-A6A14C768AF1}.Debug|Any CPU.Build.0 = Debug|Any CPU
		{81E13E11-EE87-4EF1-B292-A6A14C768AF1}.Release|Any CPU.ActiveCfg = Release|Any CPU
		{81E13E11-EE87-4EF1-B292-A6A14C768AF1}.Release|Any CPU.Build.0 = Release|Any CPU
	EndGlobalSection
	GlobalSection(SolutionProperties) = preSolution
		HideSolutionNode = FALSE
	EndGlobalSection
EndGlobal
